
Microsoft Visual Studio Solution File, Format Version 11.00
# Visual Studio 2010
Project("{FAE04EC0-301F-11D3-BF4B-00C04F79EFBC}") = "Assembly-CSharp", "Assembly-CSharp.csproj", "{776b951f-b41b-f6e4-0110-6e82495e08f7}"
EndProject
Project("{FAE04EC0-301F-11D3-BF4B-00C04F79EFBC}") = "Sirenix.OdinInspector.CompatibilityLayer", "Sirenix.OdinInspector.CompatibilityLayer.csproj", "{828b4ab1-c9c7-39c2-145e-0e0d5ede2628}"
EndProject
Project("{FAE04EC0-301F-11D3-BF4B-00C04F79EFBC}") = "Sirenix.OdinInspector.CompatibilityLayer.Editor", "Sirenix.OdinInspector.CompatibilityLayer.Editor.csproj", "{0c83c38e-f73a-f2ed-53b5-200c4575817c}"
EndProject
Project("{FAE04EC0-301F-11D3-BF4B-00C04F79EFBC}") = "Assembly-CSharp-Editor", "Assembly-CSharp-Editor.csproj", "{2112c88a-d010-080f-b5b7-04c919d8d62f}"
EndProject
Project("{FAE04EC0-301F-11D3-BF4B-00C04F79EFBC}") = "Sirenix.OdinInspector.Modules.UnityMathematics", "Sirenix.OdinInspector.Modules.UnityMathematics.csproj", "{da38d090-3972-708f-c656-d40f580f3967}"
EndProject
Project("{FAE04EC0-301F-11D3-BF4B-00C04F79EFBC}") = "Assembly-CSharp-firstpass", "Assembly-CSharp-firstpass.csproj", "{15eb90a5-2b5e-71c5-785b-d77bc78f5f70}"
EndProject
Global
	GlobalSection(SolutionConfigurationPlatforms) = preSolution
		Debug|Any CPU = Debug|Any CPU
	EndGlobalSection
	GlobalSection(ProjectConfigurationPlatforms) = postSolution
		{776b951f-b41b-f6e4-0110-6e82495e08f7}.Debug|Any CPU.ActiveCfg = Debug|Any CPU
		{776b951f-b41b-f6e4-0110-6e82495e08f7}.Debug|Any CPU.Build.0 = Debug|Any CPU
		{828b4ab1-c9c7-39c2-145e-0e0d5ede2628}.Debug|Any CPU.ActiveCfg = Debug|Any CPU
		{828b4ab1-c9c7-39c2-145e-0e0d5ede2628}.Debug|Any CPU.Build.0 = Debug|Any CPU
		{0c83c38e-f73a-f2ed-53b5-200c4575817c}.Debug|Any CPU.ActiveCfg = Debug|Any CPU
		{0c83c38e-f73a-f2ed-53b5-200c4575817c}.Debug|Any CPU.Build.0 = Debug|Any CPU
		{2112c88a-d010-080f-b5b7-04c919d8d62f}.Debug|Any CPU.ActiveCfg = Debug|Any CPU
		{2112c88a-d010-080f-b5b7-04c919d8d62f}.Debug|Any CPU.Build.0 = Debug|Any CPU
		{da38d090-3972-708f-c656-d40f580f3967}.Debug|Any CPU.ActiveCfg = Debug|Any CPU
		{da38d090-3972-708f-c656-d40f580f3967}.Debug|Any CPU.Build.0 = Debug|Any CPU
		{15eb90a5-2b5e-71c5-785b-d77bc78f5f70}.Debug|Any CPU.ActiveCfg = Debug|Any CPU
		{15eb90a5-2b5e-71c5-785b-d77bc78f5f70}.Debug|Any CPU.Build.0 = Debug|Any CPU
	EndGlobalSection
	GlobalSection(SolutionProperties) = preSolution
		HideSolutionNode = FALSE
	EndGlobalSection
EndGlobal
